Microsoft Visual Studio Solution File, Format Version 12.00
# Visual Studio Version 17
VisualStudioVersion = 17.0.31903.59
MinimumVisualStudioVersion = 10.0.40219.1
Project("{FAE04EC0-301F-11D3-BF4B-00C04F79EFBC}") = "ExplorerPreview.Core", "src\ExplorerPreview.Core\ExplorerPreview.Core.csproj", "{1B2C3D4E-5F60-4A7B-8C9D-0E1F2A3B4C5D}"
EndProject
Project("{FAE04EC0-301F-11D3-BF4B-00C04F79EFBC}") = "ExplorerPreview", "src\ExplorerPreview\ExplorerPreview.csproj", "{9E1A1B7B-6C1A-4A1E-9C2E-1E1F1A1B7B00}"
EndProject
Project("{FAE04EC0-301F-11D3-BF4B-00C04F79EFBC}") = "ExplorerPreview.Handler", "src\ExplorerPreview.Handler\ExplorerPreview.Handler.csproj", "{2C3D4E5F-6071-4B8C-9D0E-1F2A3B4C5D6E}"
EndProject
Global
	GlobalSection(SolutionConfigurationPlatforms) = preSolution
		Debug|Any CPU = Debug|Any CPU
		Release|Any CPU = Release|Any CPU
	EndGlobalSection
	GlobalSection(ProjectConfigurationPlatforms) = postSolution
		{1B2C3D4E-5F60-4A7B-8C9D-0E1F2A3B4C5D}.Debug|Any CPU.ActiveCfg = Debug|Any CPU
		{1B2C3D4E-5F60-4A7B-8C9D-0E1F2A3B4C5D}.Debug|Any CPU.Build.0 = Debug|Any CPU
		{1B2C3D4E-5F60-4A7B-8C9D-0E1F2A3B4C5D}.Release|Any CPU.ActiveCfg = Release|Any CPU
		{1B2C3D4E-5F60-4A7B-8C9D-0E1F2A3B4C5D}.Release|Any CPU.Build.0 = Release|Any CPU
		{9E1A1B7B-6C1A-4A1E-9C2E-1E1F1A1B7B00}.Debug|Any CPU.ActiveCfg = Debug|Any CPU
		{9E1A1B7B-6C1A-4A1E-9C2E-1E1F1A1B7B00}.Debug|Any CPU.Build.0 = Debug|Any CPU
		{9E1A1B7B-6C1A-4A1E-9C2E-1E1F1A1B7B00}.Release|Any CPU.ActiveCfg = Release|Any CPU
		{9E1A1B7B-6C1A-4A1E-9C2E-1E1F1A1B7B00}.Release|Any CPU.Build.0 = Release|Any CPU
		{2C3D4E5F-6071-4B8C-9D0E-1F2A3B4C5D6E}.Debug|Any CPU.ActiveCfg = Debug|Any CPU
		{2C3D4E5F-6071-4B8C-9D0E-1F2A3B4C5D6E}.Debug|Any CPU.Build.0 = Debug|Any CPU
		{2C3D4E5F-6071-4B8C-9D0E-1F2A3B4C5D6E}.Release|Any CPU.ActiveCfg = Release|Any CPU
		{2C3D4E5F-6071-4B8C-9D0E-1F2A3B4C5D6E}.Release|Any CPU.Build.0 = Release|Any CPU
	EndGlobalSection
EndGlobal
